
{
  "name": "functions",
  "version": "1.0.0",
  "lockfileVersion": 3,
  "requires": true,
  "packages": {
    "": {
      "name": "functions",
      "version": "1.0.0",
      "license": "ISC",
      "dependencies": {
        "firebase-admin": "^12.0.0",
        "firebase-functions": "^5.0.0",
        "web-push": "^3.6.7"
      },
      "devDependencies": {
        "typescript": "^5.0.0"
      },
      "engines": {
        "node": "20"
      }
    },
    "node_modules/@types/node": {
      "version": "20.14.9",
      "resolved": "https://registry.npmjs.org/@types/node/-/node-20.14.9.tgz",
      "integrity": "sha512-06OCtnRE3aZdlenK87u2inS/l53m2Q34n0d5S3dzP6ll51t90smv3QkU0S31OPy/24j24DR3fC+3BYb+p+d9gQ==",
      "dev": true,
      "dependencies": {
        "undici-types": "~5.26.4"
      }
    },
    "node_modules/@types/web-push": {
      "version": "3.6.3",
      "resolved": "https://registry.npmjs.org/@types/web-push/-/web-push-3.6.3.tgz",
      "integrity": "sha512-P1Xg4eQ0cTe3sV3UPo7MB3b6M1IZrQd3YnoHAg4i3h2pAnK3O2L/xGG8bJCjP1G+sohWnJpC49s1/XW+2iY4pQ==",
      "dev": true,
      "dependencies": {
        "@types/node": "*"
      }
    },
    "node_modules/cors": {
      "version": "2.8.5",
      "resolved": "https://registry.npmjs.org/cors/-/cors-2.8.5.tgz",
      "integrity": "sha512-KIHbLJqu73RGr/hnbrO9uBeGWeMFoVUEvs1ErhM1otbbd8BrBCvpGI4kTRC4E2UTgnqVGPV/deLA90p9b6jeDQ==",
      "dependencies": {
        "object-assign": "^4",
        "vary": "^1"
      },
      "engines": {
        "node": ">= 0.10"
      }
    },
    "node_modules/firebase-admin": {
      "version": "12.2.0",
      "resolved": "https://registry.npmjs.org/firebase-admin/-/firebase-admin-12.2.0.tgz",
      "integrity": "sha512-m3s22csQgJNDnsqdEa5yAaHsaMO9rCY0Gj7r33FhS0w06xR3d1F5S2yeyo5izp2P9aR32vj+hL1+KbQ8xI04TA==",
      "dependencies": {
        "@firebase/database-compat": "1.0.5",
        "@firebase/database-types": "0.10.4",
        "dicer": "0.3.1",
        "fast-deep-equal": "3.1.3",
        "gaxios": "^6.5.0",
        "google-auth-library": "^9.6.3",
        "jsonwebtoken": "9.0.2",
        "long": "5.2.3",
        "node-forge": "1.3.1"
      },
      "engines": {
        "node": ">=18.0"
      }
    },
    "node_modules/firebase-functions": {
      "version": "5.0.1",
      "resolved": "https://registry.npmjs.org/firebase-functions/-/firebase-functions-5.0.1.tgz",
      "integrity": "sha512-Yy/a+PE53LdLNTrzfv30dZYf2Pjl4t3vQp83hDB0s4+yOh459n2z6vBfJ2JWHJr0v1s51Ap8gKkK6yDso8y/jA==",
      "dependencies": {
        "cloudevents": "8.0.0",
        "cors": "2.8.5",
        "express": "4.19.2",
        "firebase-admin": "12.2.0",
        "glob": "10.4.1",
        "lodash": "4.17.21",
        "node-fetch": "2.7.0"
      },
      "engines": {
        "node": ">=18"
      }
    },
    "node_modules/object-assign": {
      "version": "4.1.1",
      "resolved": "https://registry.npmjs.org/object-assign/-/object-assign-4.1.1.tgz",
      "integrity": "sha512-32EJJyD5T6+Vo7S62JsK1d8+wT6AaDuxy1a0G3i32+3vnHk5yY2d/p1Zcr4ps8t2O3weGtr0P1s2S2s+Sjlkcw==",
      "engines": {
        "node": ">=0.10.0"
      }
    },
    "node_modules/typescript": {
      "version": "5.5.2",
      "resolved": "https://registry.npmjs.org/typescript/-/typescript-5.5.2.tgz",
      "integrity": "sha512-NcRtPEOsP7dajO1YS3Wvc7go2U9tQ2t3/6o+T6OqReTbvSY+PhsSP39s3l323i0nQ/3A/qM0aJjS0Q2j2R1zeA==",
      "dev": true,
      "bin": {
        "tsc": "bin/tsc",
        "tsserver": "bin/tsserver"
      },
      "engines": {
        "node": ">=14.17"
      }
    },
    "node_modules/undici-types": {
      "version": "5.26.5",
      "resolved": "https://registry.npmjs.org/undici-types/-/undici-types-5.26.5.tgz",
      "integrity": "sha512-JlCMO+ehdEIKqlFxk6IfVoAUVmgz7cU7zD/h9XZ0qzeosSHmUJVOzSQvvYSYWXkFXC+IfLKSIffhv0sVZup6pA==",
      "dev": true
    },
    "node_modules/vary": {
      "version": "1.1.2",
      "resolved": "https://registry.npmjs.org/vary/-/vary-1.1.2.tgz",
      "integrity": "sha512-BNGbWLfd0e3soIB/iClsbt3DU70G2usIDfvmKzXyqj/BypoDpaGSc2s13Yf/cZW2nt+st/7Xj5UH/nAbz5+TdA==",
      "engines": {
        "node": ">= 0.8"
      }
    },
    "node_modules/web-push": {
      "version": "3.6.7",
      "resolved": "https://registry.npmjs.org/web-push/-/web-push-3.6.7.tgz",
      "integrity": "sha512-s0NiJSh+B1Fx24prt2Bw9uVPy1cgV6Ff43vVLsFqIlV4eT0Q2FhYIYS5A5nZVoejUMy3G3n4TDv2EGCbA2sQhQ==",
      "dependencies": {
        "@types/node": ">=12.0.0",
        "http_ece": "1.1.0",
        "jws": "3.2.2",
        "lru-cache": "5.1.1",
        "semver": "5.7.2",
        "urlsafe-base64": "1.0.0"
      },
      "bin": {
        "web-push": "src/cli.js"
      },
      "engines": {
        "node": ">=12.0.0"
      }
    }
  }
}
